
Microsoft Visual Studio Solution File, Format Version 12.00
# Visual Studio Version 17
VisualStudioVersion = 17.7.34009.444
MinimumVisualStudioVersion = 10.0.40219.1
Project("{FAE04EC0-301F-11D3-BF4B-00C04F79EFBC}") = "WPF_RadioButton", "WPF_RadioButton\WPF_RadioButton.csproj", "{856966DD-A70B-4CB3-A2E1-CC6476D4BC7B}"
EndProject
Global
	GlobalSection(SolutionConfigurationPlatforms) = preSolution
		Debug|Any CPU = Debug|Any CPU
		Release|Any CPU = Release|Any CPU
	EndGlobalSection
	GlobalSection(ProjectConfigurationPlatforms) = postSolution
		{856966DD-A70B-4CB3-A2E1-CC6476D4BC7B}.Debug|Any CPU.ActiveCfg = Debug|Any CPU
		{856966DD-A70B-4CB3-A2E1-CC6476D4BC7B}.Debug|Any CPU.Build.0 = Debug|Any CPU
		{856966DD-A70B-4CB3-A2E1-CC6476D4BC7B}.Release|Any CPU.ActiveCfg = Release|Any CPU
		{856966DD-A70B-4CB3-A2E1-CC6476D4BC7B}.Release|Any CPU.Build.0 = Release|Any CPU
	EndGlobalSection
	GlobalSection(SolutionProperties) = preSolution
		HideSolutionNode = FALSE
	EndGlobalSection
	GlobalSection(ExtensibilityGlobals) = postSolution
		SolutionGuid = {531A307D-9C92-47D7-B69D-7849CCBF7CA2}
	EndGlobalSection
EndGlobal
