
Microsoft Visual Studio Solution File, Format Version 12.00
# Visual Studio Version 17
VisualStudioVersion = 17.7.34009.444
MinimumVisualStudioVersion = 10.0.40219.1
Project("{FAE04EC0-301F-11D3-BF4B-00C04F79EFBC}") = "WPF_InvoiceManagement", "WPF_InvoiceManagement\WPF_InvoiceManagement.csproj", "{D6281753-9B5B-417A-9552-C0472C8C499D}"
EndProject
Global
	GlobalSection(SolutionConfigurationPlatforms) = preSolution
		Debug|Any CPU = Debug|Any CPU
		Release|Any CPU = Release|Any CPU
	EndGlobalSection
	GlobalSection(ProjectConfigurationPlatforms) = postSolution
		{D6281753-9B5B-417A-9552-C0472C8C499D}.Debug|Any CPU.ActiveCfg = Debug|Any CPU
		{D6281753-9B5B-417A-9552-C0472C8C499D}.Debug|Any CPU.Build.0 = Debug|Any CPU
		{D6281753-9B5B-417A-9552-C0472C8C499D}.Release|Any CPU.ActiveCfg = Release|Any CPU
		{D6281753-9B5B-417A-9552-C0472C8C499D}.Release|Any CPU.Build.0 = Release|Any CPU
	EndGlobalSection
	GlobalSection(SolutionProperties) = preSolution
		HideSolutionNode = FALSE
	EndGlobalSection
	GlobalSection(ExtensibilityGlobals) = postSolution
		SolutionGuid = {7F6BFEF4-96C8-44AD-80D9-8E9A5D99232F}
	EndGlobalSection
EndGlobal
