
Microsoft Visual Studio Solution File, Format Version 12.00
# Visual Studio Version 17
VisualStudioVersion = 17.7.34009.444
MinimumVisualStudioVersion = 10.0.40219.1
Project("{FAE04EC0-301F-11D3-BF4B-00C04F79EFBC}") = "WPF_TodoList", "WPF_TodoList\WPF_TodoList.csproj", "{0506EB2B-06EB-47EB-89DD-38811C177875}"
EndProject
Global
	GlobalSection(SolutionConfigurationPlatforms) = preSolution
		Debug|Any CPU = Debug|Any CPU
		Release|Any CPU = Release|Any CPU
	EndGlobalSection
	GlobalSection(ProjectConfigurationPlatforms) = postSolution
		{0506EB2B-06EB-47EB-89DD-38811C177875}.Debug|Any CPU.ActiveCfg = Debug|Any CPU
		{0506EB2B-06EB-47EB-89DD-38811C177875}.Debug|Any CPU.Build.0 = Debug|Any CPU
		{0506EB2B-06EB-47EB-89DD-38811C177875}.Release|Any CPU.ActiveCfg = Release|Any CPU
		{0506EB2B-06EB-47EB-89DD-38811C177875}.Release|Any CPU.Build.0 = Release|Any CPU
	EndGlobalSection
	GlobalSection(SolutionProperties) = preSolution
		HideSolutionNode = FALSE
	EndGlobalSection
	GlobalSection(ExtensibilityGlobals) = postSolution
		SolutionGuid = {646F8632-580B-48AC-8155-F4B412230FBA}
	EndGlobalSection
EndGlobal
